// !$*UTF8*$!
{
	archiveVersion = 1;
	classes = {
	};
	objectVersion = 50;
	objects = {

/* Begin PBXBuildFile section */
		B36657D220D81F5E00328B70 /* AppDelegate.swift in Sources */ = {isa = PBXBuildFile; fileRef = B36657D120D81F5E00328B70 /* AppDelegate.swift */; };
		B36657D720D81F5E00328B70 /* Main.storyboard in Resources */ = {isa = PBXBuildFile; fileRef = B36657D520D81F5E00328B70 /* Main.storyboard */; };
		B36657D920D81F5F00328B70 /* Assets.xcassets in Resources */ = {isa = PBXBuildFile; fileRef = B36657D820D81F5F00328B70 /* Assets.xcassets */; };
		B36657DC20D81F5F00328B70 /* LaunchScreen.storyboard in Resources */ = {isa = PBXBuildFile; fileRef = B36657DA20D81F5F00328B70 /* LaunchScreen.storyboard */; };
		B3699ECC20D847E300E5D3D8 /* Coffee.swift in Sources */ = {isa = PBXBuildFile; fileRef = B3699ECB20D847E300E5D3D8 /* Coffee.swift */; };
		B3699ECE20D8553800E5D3D8 /* CoffeeController.swift in Sources */ = {isa = PBXBuildFile; fileRef = B3699ECD20D8553800E5D3D8 /* CoffeeController.swift */; };
		B3699ED620D8713700E5D3D8 /* CoffeeVenueTableViewCell.swift in Sources */ = {isa = PBXBuildFile; fileRef = B3699ED520D8713700E5D3D8 /* CoffeeVenueTableViewCell.swift */; };
		B3699ED820D871BF00E5D3D8 /* CoffeeVenueTableViewController.swift in Sources */ = {isa = PBXBuildFile; fileRef = B3699ED720D871BF00E5D3D8 /* CoffeeVenueTableViewController.swift */; };
		B3699EDE20D881E400E5D3D8 /* CoffeePhoto.swift in Sources */ = {isa = PBXBuildFile; fileRef = B3699EDD20D881E400E5D3D8 /* CoffeePhoto.swift */; };
		B3699EE020D8856300E5D3D8 /* CoffeePhotoController.swift in Sources */ = {isa = PBXBuildFile; fileRef = B3699EDF20D8856300E5D3D8 /* CoffeePhotoController.swift */; };
/* End PBXBuildFile section */

/* Begin PBXFileReference section */
		B36657CE20D81F5E00328B70 /* Coffee.app */ = {isa = PBXFileReference; explicitFileType = wrapper.application; includeInIndex = 0; path = Coffee.app; sourceTree = BUILT_PRODUCTS_DIR; };
		B36657D120D81F5E00328B70 /* AppDelegate.swift */ = {isa = PBXFileReference; lastKnownFileType = sourcecode.swift; path = AppDelegate.swift; sourceTree = "<group>"; };
		B36657D620D81F5E00328B70 /* Base */ = {isa = PBXFileReference; lastKnownFileType = file.storyboard; name = Base; path = Base.lproj/Main.storyboard; sourceTree = "<group>"; };
		B36657D820D81F5F00328B70 /* Assets.xcassets */ = {isa = PBXFileReference; lastKnownFileType = folder.assetcatalog; path = Assets.xcassets; sourceTree = "<group>"; };
		B36657DB20D81F5F00328B70 /* Base */ = {isa = PBXFileReference; lastKnownFileType = file.storyboard; name = Base; path = Base.lproj/LaunchScreen.storyboard; sourceTree = "<group>"; };
		B36657DD20D81F5F00328B70 /* Info.plist */ = {isa = PBXFileReference; lastKnownFileType = text.plist.xml; path = Info.plist; sourceTree = "<group>"; };
		B3699ECB20D847E300E5D3D8 /* Coffee.swift */ = {isa = PBXFileReference; lastKnownFileType = sourcecode.swift; path = Coffee.swift; sourceTree = "<group>"; };
		B3699ECD20D8553800E5D3D8 /* CoffeeController.swift */ = {isa = PBXFileReference; lastKnownFileType = sourcecode.swift; path = CoffeeController.swift; sourceTree = "<group>"; };
		B3699ED520D8713700E5D3D8 /* CoffeeVenueTableViewCell.swift */ = {isa = PBXFileReference; lastKnownFileType = sourcecode.swift; path = CoffeeVenueTableViewCell.swift; sourceTree = "<group>"; };
		B3699ED720D871BF00E5D3D8 /* CoffeeVenueTableViewController.swift */ = {isa = PBXFileReference; lastKnownFileType = sourcecode.swift; path = CoffeeVenueTableViewController.swift; sourceTree = "<group>"; };
		B3699EDD20D881E400E5D3D8 /* CoffeePhoto.swift */ = {isa = PBXFileReference; lastKnownFileType = sourcecode.swift; path = CoffeePhoto.swift; sourceTree = "<group>"; };
		B3699EDF20D8856300E5D3D8 /* CoffeePhotoController.swift */ = {isa = PBXFileReference; lastKnownFileType = sourcecode.swift; path = CoffeePhotoController.swift; sourceTree = "<group>"; };
/* End PBXFileReference section */

/* Begin PBXFrameworksBuildPhase section */
		B36657CB20D81F5E00328B70 /* Frameworks */ = {
			isa = PBXFrameworksBuildPhase;
			buildActionMask = 2147483647;
			files = (
			);
			runOnlyForDeploymentPostprocessing = 0;
		};
/* End PBXFrameworksBuildPhase section */

/* Begin PBXGroup section */
		B36657C520D81F5E00328B70 = {
			isa = PBXGroup;
			children = (
				B36657D020D81F5E00328B70 /* Coffee */,
				B36657CF20D81F5E00328B70 /* Products */,
			);
			sourceTree = "<group>";
		};
		B36657CF20D81F5E00328B70 /* Products */ = {
			isa = PBXGroup;
			children = (
				B36657CE20D81F5E00328B70 /* Coffee.app */,
			);
			name = Products;
			sourceTree = "<group>";
		};
		B36657D020D81F5E00328B70 /* Coffee */ = {
			isa = PBXGroup;
			children = (
				B3699ED920D871C800E5D3D8 /* Model */,
				B3699EDA20D871D200E5D3D8 /* Model Controller */,
				B3699EDB20D871DF00E5D3D8 /* View Controller */,
				B3699EDC20D871EE00E5D3D8 /* Views */,
				B3699ED220D86DA800E5D3D8 /* Resources */,
			);
			path = Coffee;
			sourceTree = "<group>";
		};
		B3699ED220D86DA800E5D3D8 /* Resources */ = {
			isa = PBXGroup;
			children = (
				B36657D120D81F5E00328B70 /* AppDelegate.swift */,
				B36657D820D81F5F00328B70 /* Assets.xcassets */,
				B36657DA20D81F5F00328B70 /* LaunchScreen.storyboard */,
				B36657DD20D81F5F00328B70 /* Info.plist */,
			);
			path = Resources;
			sourceTree = "<group>";
		};
		B3699ED920D871C800E5D3D8 /* Model */ = {
			isa = PBXGroup;
			children = (
				B3699ECB20D847E300E5D3D8 /* Coffee.swift */,
				B3699EDD20D881E400E5D3D8 /* CoffeePhoto.swift */,
			);
			path = Model;
			sourceTree = "<group>";
		};
		B3699EDA20D871D200E5D3D8 /* Model Controller */ = {
			isa = PBXGroup;
			children = (
				B3699ECD20D8553800E5D3D8 /* CoffeeController.swift */,
				B3699EDF20D8856300E5D3D8 /* CoffeePhotoController.swift */,
			);
			path = "Model Controller";
			sourceTree = "<group>";
		};
		B3699EDB20D871DF00E5D3D8 /* View Controller */ = {
			isa = PBXGroup;
			children = (
				B3699ED720D871BF00E5D3D8 /* CoffeeVenueTableViewController.swift */,
			);
			path = "View Controller";
			sourceTree = "<group>";
		};
		B3699EDC20D871EE00E5D3D8 /* Views */ = {
			isa = PBXGroup;
			children = (
				B3699ED520D8713700E5D3D8 /* CoffeeVenueTableViewCell.swift */,
				B36657D520D81F5E00328B70 /* Main.storyboard */,
			);
			path = Views;
			sourceTree = "<group>";
		};
/* End PBXGroup section */

/* Begin PBXNativeTarget section */
		B36657CD20D81F5E00328B70 /* Coffee */ = {
			isa = PBXNativeTarget;
			buildConfigurationList = B36657E020D81F5F00328B70 /* Build configuration list for PBXNativeTarget "Coffee" */;
			buildPhases = (
				B36657CA20D81F5E00328B70 /* Sources */,
				B36657CB20D81F5E00328B70 /* Frameworks */,
				B36657CC20D81F5E00328B70 /* Resources */,
			);
			buildRules = (
			);
			dependencies = (
			);
			name = Coffee;
			productName = Coffee;
			productReference = B36657CE20D81F5E00328B70 /* Coffee.app */;
			productType = "com.apple.product-type.application";
		};
/* End PBXNativeTarget section */

/* Begin PBXProject section */
		B36657C620D81F5E00328B70 /* Project object */ = {
			isa = PBXProject;
			attributes = {
				LastSwiftUpdateCheck = 0940;
				LastUpgradeCheck = 0940;
				ORGANIZATIONNAME = "Daniel Lau";
				TargetAttributes = {
					B36657CD20D81F5E00328B70 = {
						CreatedOnToolsVersion = 9.4.1;
					};
				};
			};
			buildConfigurationList = B36657C920D81F5E00328B70 /* Build configuration list for PBXProject "Coffee" */;
			compatibilityVersion = "Xcode 9.3";
			developmentRegion = en;
			hasScannedForEncodings = 0;
			knownRegions = (
				en,
				Base,
			);
			mainGroup = B36657C520D81F5E00328B70;
			productRefGroup = B36657CF20D81F5E00328B70 /* Products */;
			projectDirPath = "";
			projectRoot = "";
			targets = (
				B36657CD20D81F5E00328B70 /* Coffee */,
			);
		};
/* End PBXProject section */

/* Begin PBXResourcesBuildPhase section */
		B36657CC20D81F5E00328B70 /* Resources */ = {
			isa = PBXResourcesBuildPhase;
			buildActionMask = 2147483647;
			files = (
				B36657DC20D81F5F00328B70 /* LaunchScreen.storyboard in Resources */,
				B36657D920D81F5F00328B70 /* Assets.xcassets in Resources */,
				B36657D720D81F5E00328B70 /* Main.storyboard in Resources */,
			);
			runOnlyForDeploymentPostprocessing = 0;
		};
/* End PBXResourcesBuildPhase section */

/* Begin PBXSourcesBuildPhase section */
		B36657CA20D81F5E00328B70 /* Sources */ = {
			isa = PBXSourcesBuildPhase;
			buildActionMask = 2147483647;
			files = (
				B3699ED620D8713700E5D3D8 /* CoffeeVenueTableViewCell.swift in Sources */,
				B3699ED820D871BF00E5D3D8 /* CoffeeVenueTableViewController.swift in Sources */,
				B3699ECE20D8553800E5D3D8 /* CoffeeController.swift in Sources */,
				B3699EE020D8856300E5D3D8 /* CoffeePhotoController.swift in Sources */,
				B36657D220D81F5E00328B70 /* AppDelegate.swift in Sources */,
				B3699EDE20D881E400E5D3D8 /* CoffeePhoto.swift in Sources */,
				B3699ECC20D847E300E5D3D8 /* Coffee.swift in Sources */,
			);
			runOnlyForDeploymentPostprocessing = 0;
		};
/* End PBXSourcesBuildPhase section */

/* Begin PBXVariantGroup section */
		B36657D520D81F5E00328B70 /* Main.storyboard */ = {
			isa = PBXVariantGroup;
			children = (
				B36657D620D81F5E00328B70 /* Base */,
			);
			name = Main.storyboard;
			sourceTree = "<group>";
		};
		B36657DA20D81F5F00328B70 /* LaunchScreen.storyboard */ = {
			isa = PBXVariantGroup;
			children = (
				B36657DB20D81F5F00328B70 /* Base */,
			);
			name = LaunchScreen.storyboard;
			sourceTree = "<group>";
		};
/* End PBXVariantGroup section */

/* Begin XCBuildConfiguration section */
		B36657DE20D81F5F00328B70 /* Debug */ = {
			isa = XCBuildConfiguration;
			buildSettings = {
				ALWAYS_SEARCH_USER_PATHS = NO;
				CLANG_ANALYZER_NONNULL = YES;
				CLANG_ANALYZER_NUMBER_OBJECT_CONVERSION = YES_AGGRESSIVE;
				CLANG_CXX_LANGUAGE_STANDARD = "gnu++14";
				CLANG_CXX_LIBRARY = "libc++";
				CLANG_ENABLE_MODULES = YES;
				CLANG_ENABLE_OBJC_ARC = YES;
				CLANG_ENABLE_OBJC_WEAK = YES;
				CLANG_WARN_BLOCK_CAPTURE_AUTORELEASING = YES;
				CLANG_WARN_BOOL_CONVERSION = YES;
				CLANG_WARN_COMMA = YES;
				CLANG_WARN_CONSTANT_CONVERSION = YES;
				CLANG_WARN_DEPRECATED_OBJC_IMPLEMENTATIONS = YES;
				CLANG_WARN_DIRECT_OBJC_ISA_USAGE = YES_ERROR;
				CLANG_WARN_DOCUMENTATION_COMMENTS = YES;
				CLANG_WARN_EMPTY_BODY = YES;
				CLANG_WARN_ENUM_CONVERSION = YES;
				CLANG_WARN_INFINITE_RECURSION = YES;
				CLANG_WARN_INT_CONVERSION = YES;
				CLANG_WARN_NON_LITERAL_NULL_CONVERSION = YES;
				CLANG_WARN_OBJC_IMPLICIT_RETAIN_SELF = YES;
				CLANG_WARN_OBJC_LITERAL_CONVERSION = YES;
				CLANG_WARN_OBJC_ROOT_CLASS = YES_ERROR;
				CLANG_WARN_RANGE_LOOP_ANALYSIS = YES;
				CLANG_WARN_STRICT_PROTOTYPES = YES;
				CLANG_WARN_SUSPICIOUS_MOVE = YES;
				CLANG_WARN_UNGUARDED_AVAILABILITY = YES_AGGRESSIVE;
				CLANG_WARN_UNREACHABLE_CODE = YES;
				CLANG_WARN__DUPLICATE_METHOD_MATCH = YES;
				CODE_SIGN_IDENTITY = "iPhone Developer";
				COPY_PHASE_STRIP = NO;
				DEBUG_INFORMATION_FORMAT = dwarf;
				ENABLE_STRICT_OBJC_MSGSEND = YES;
				ENABLE_TESTABILITY = YES;
				GCC_C_LANGUAGE_STANDARD = gnu11;
				GCC_DYNAMIC_NO_PIC = NO;
				GCC_NO_COMMON_BLOCKS = YES;
				GCC_OPTIMIZATION_LEVEL = 0;
				GCC_PREPROCESSOR_DEFINITIONS = (
					"DEBUG=1",
					"$(inherited)",
				);
				GCC_WARN_64_TO_32_BIT_CONVERSION = YES;
				GCC_WARN_ABOUT_RETURN_TYPE = YES_ERROR;
				GCC_WARN_UNDECLARED_SELECTOR = YES;
				GCC_WARN_UNINITIALIZED_AUTOS = YES_AGGRESSIVE;
				GCC_WARN_UNUSED_FUNCTION = YES;
				GCC_WARN_UNUSED_VARIABLE = YES;
				IPHONEOS_DEPLOYMENT_TARGET = 11.4;
				MTL_ENABLE_DEBUG_INFO = YES;
				ONLY_ACTIVE_ARCH = YES;
				SDKROOT = iphoneos;
				SWIFT_ACTIVE_COMPILATION_CONDITIONS = DEBUG;
				SWIFT_OPTIMIZATION_LEVEL = "-Onone";
			};
			name = Debug;
		};
		B36657DF20D81F5F00328B70 /* Release */ = {
			isa = XCBuildConfiguration;
			buildSettings = {
				ALWAYS_SEARCH_USER_PATHS = NO;
				CLANG_ANALYZER_NONNULL = YES;
				CLANG_ANALYZER_NUMBER_OBJECT_CONVERSION = YES_AGGRESSIVE;
				CLANG_CXX_LANGUAGE_STANDARD = "gnu++14";
				CLANG_CXX_LIBRARY = "libc++";
				CLANG_ENABLE_MODULES = YES;
				CLANG_ENABLE_OBJC_ARC = YES;
				CLANG_ENABLE_OBJC_WEAK = YES;
				CLANG_WARN_BLOCK_CAPTURE_AUTORELEASING = YES;
				CLANG_WARN_BOOL_CONVERSION = YES;
				CLANG_WARN_COMMA = YES;
				CLANG_WARN_CONSTANT_CONVERSION = YES;
				CLANG_WARN_DEPRECATED_OBJC_IMPLEMENTATIONS = YES;
				CLANG_WARN_DIRECT_OBJC_ISA_USAGE = YES_ERROR;
				CLANG_WARN_DOCUMENTATION_COMMENTS = YES;
				CLANG_WARN_EMPTY_BODY = YES;
				CLANG_WARN_ENUM_CONVERSION = YES;
				CLANG_WARN_INFINITE_RECURSION = YES;
				CLANG_WARN_INT_CONVERSION = YES;
				CLANG_WARN_NON_LITERAL_NULL_CONVERSION = YES;
				CLANG_WARN_OBJC_IMPLICIT_RETAIN_SELF = YES;
				CLANG_WARN_OBJC_LITERAL_CONVERSION = YES;
				CLANG_WARN_OBJC_ROOT_CLASS = YES_ERROR;
				CLANG_WARN_RANGE_LOOP_ANALYSIS = YES;
				CLANG_WARN_STRICT_PROTOTYPES = YES;
				CLANG_WARN_SUSPICIOUS_MOVE = YES;
				CLANG_WARN_UNGUARDED_AVAILABILITY = YES_AGGRESSIVE;
				CLANG_WARN_UNREACHABLE_CODE = YES;
				CLANG_WARN__DUPLICATE_METHOD_MATCH = YES;
				CODE_SIGN_IDENTITY = "iPhone Developer";
				COPY_PHASE_STRIP = NO;
				DEBUG_INFORMATION_FORMAT = "dwarf-with-dsym";
				ENABLE_NS_ASSERTIONS = NO;
				ENABLE_STRICT_OBJC_MSGSEND = YES;
				GCC_C_LANGUAGE_STANDARD = gnu11;
				GCC_NO_COMMON_BLOCKS = YES;
				GCC_WARN_64_TO_32_BIT_CONVERSION = YES;
				GCC_WARN_ABOUT_RETURN_TYPE = YES_ERROR;
				GCC_WARN_UNDECLARED_SELECTOR = YES;
				GCC_WARN_UNINITIALIZED_AUTOS = YES_AGGRESSIVE;
				GCC_WARN_UNUSED_FUNCTION = YES;
				GCC_WARN_UNUSED_VARIABLE = YES;
				IPHONEOS_DEPLOYMENT_TARGET = 11.4;
				MTL_ENABLE_DEBUG_INFO = NO;
				SDKROOT = iphoneos;
				SWIFT_COMPILATION_MODE = wholemodule;
				SWIFT_OPTIMIZATION_LEVEL = "-O";
				VALIDATE_PRODUCT = YES;
			};
			name = Release;
		};
		B36657E120D81F5F00328B70 /* Debug */ = {
			isa = XCBuildConfiguration;
			buildSettings = {
				ASSETCATALOG_COMPILER_APPICON_NAME = AppIcon;
				CODE_SIGN_STYLE = Automatic;
				DEVELOPMENT_TEAM = 7VSPJ2N6B9;
				INFOPLIST_FILE = "$(SRCROOT)/Coffee/Resources/Info.plist";
				IPHONEOS_DEPLOYMENT_TARGET = 11.3;
				LD_RUNPATH_SEARCH_PATHS = (
					"$(inherited)",
					"@executable_path/Frameworks",
				);
				PRODUCT_BUNDLE_IDENTIFIER = com.daniellau.Coffee;
				PRODUCT_NAME = "$(TARGET_NAME)";
				SWIFT_VERSION = 4.0;
				TARGETED_DEVICE_FAMILY = "1,2";
			};
			name = Debug;
		};
		B36657E220D81F5F00328B70 /* Release */ = {
			isa = XCBuildConfiguration;
			buildSettings = {
				ASSETCATALOG_COMPILER_APPICON_NAME = AppIcon;
				CODE_SIGN_STYLE = Automatic;
				DEVELOPMENT_TEAM = 7VSPJ2N6B9;
				INFOPLIST_FILE = "$(SRCROOT)/Coffee/Resources/Info.plist";
				IPHONEOS_DEPLOYMENT_TARGET = 11.3;
				LD_RUNPATH_SEARCH_PATHS = (
					"$(inherited)",
					"@executable_path/Frameworks",
				);
				PRODUCT_BUNDLE_IDENTIFIER = com.daniellau.Coffee;
				PRODUCT_NAME = "$(TARGET_NAME)";
				SWIFT_VERSION = 4.0;
				TARGETED_DEVICE_FAMILY = "1,2";
			};
			name = Release;
		};
/* End XCBuildConfiguration section */

/* Begin XCConfigurationList section */
		B36657C920D81F5E00328B70 /* Build configuration list for PBXProject "Coffee" */ = {
			isa = XCConfigurationList;
			buildConfigurations = (
				B36657DE20D81F5F00328B70 /* Debug */,
				B36657DF20D81F5F00328B70 /* Release */,
			);
			defaultConfigurationIsVisible = 0;
			defaultConfigurationName = Release;
		};
		B36657E020D81F5F00328B70 /* Build configuration list for PBXNativeTarget "Coffee" */ = {
			isa = XCConfigurationList;
			buildConfigurations = (
				B36657E120D81F5F00328B70 /* Debug */,
				B36657E220D81F5F00328B70 /* Release */,
			);
			defaultConfigurationIsVisible = 0;
			defaultConfigurationName = Release;
		};
/* End XCConfigurationList section */
	};
	rootObject = B36657C620D81F5E00328B70 /* Project object */;
}
